
Microsoft Visual Studio Solution File, Format Version 12.00
# Visual Studio Version 17
VisualStudioVersion = 17.14.36127.28
MinimumVisualStudioVersion = 10.0.40219.1
Project("{FAE04EC0-301F-11D3-BF4B-00C04F79EFBC}") = "PickemsPlanter", "PickemsPlanter\PickemsPlanter.csproj", "{764A72C0-9D1A-9E31-01F7-DDBE959A1FAA}"
EndProject
Global
	GlobalSection(SolutionConfigurationPlatforms) = preSolution
		Debug|Any CPU = Debug|Any CPU
		Release|Any CPU = Release|Any CPU
	EndGlobalSection
	GlobalSection(ProjectConfigurationPlatforms) = postSolution
		{764A72C0-9D1A-9E31-01F7-DDBE959A1FAA}.Debug|Any CPU.ActiveCfg = Debug|Any CPU
		{764A72C0-9D1A-9E31-01F7-DDBE959A1FAA}.Debug|Any CPU.Build.0 = Debug|Any CPU
		{764A72C0-9D1A-9E31-01F7-DDBE959A1FAA}.Release|Any CPU.ActiveCfg = Release|Any CPU
		{764A72C0-9D1A-9E31-01F7-DDBE959A1FAA}.Release|Any CPU.Build.0 = Release|Any CPU
	EndGlobalSection
	GlobalSection(SolutionProperties) = preSolution
		HideSolutionNode = FALSE
	EndGlobalSection
	GlobalSection(ExtensibilityGlobals) = postSolution
		SolutionGuid = {F2035413-0478-4109-8A08-C5A55BDB58B6}
	EndGlobalSection
EndGlobal
